
Microsoft Visual Studio Solution File, Format Version 12.00
# Visual Studio 2012
Project("{E24C65DC-7377-472B-9ABA-BC803B73C61A}") = "FirstWebSite", "http://localhost:56986", "{0CD87EFC-6AFF-4DF8-A0D2-08EDC2A4AA26}"
	ProjectSection(WebsiteProperties) = preProject
		UseIISExpress = "true"
		TargetFrameworkMoniker = ".NETFramework,Version%3Dv4.5"
		Debug.AspNetCompiler.VirtualPath = "/localhost_56986"
		Debug.AspNetCompiler.PhysicalPath = "..\..\WebSites\FirstWebSite\"
		Debug.AspNetCompiler.TargetPath = "PrecompiledWeb\localhost_56986\"
		Debug.AspNetCompiler.Updateable = "true"
		Debug.AspNetCompiler.ForceOverwrite = "true"
		Debug.AspNetCompiler.FixedNames = "false"
		Debug.AspNetCompiler.Debug = "True"
		Release.AspNetCompiler.VirtualPath = "/localhost_56986"
		Release.AspNetCompiler.PhysicalPath = "..\..\WebSites\FirstWebSite\"
		Release.AspNetCompiler.TargetPath = "PrecompiledWeb\localhost_56986\"
		Release.AspNetCompiler.Updateable = "true"
		Release.AspNetCompiler.ForceOverwrite = "true"
		Release.AspNetCompiler.FixedNames = "false"
		Release.AspNetCompiler.Debug = "False"
		SlnRelativePath = "..\..\WebSites\FirstWebSite\"
		DefaultWebSiteLanguage = "Visual C#"
	EndProjectSection
EndProject
Global
	GlobalSection(SolutionConfigurationPlatforms) = preSolution
		Debug|Any CPU = Debug|Any CPU
	EndGlobalSection
	GlobalSection(ProjectConfigurationPlatforms) = postSolution
		{0CD87EFC-6AFF-4DF8-A0D2-08EDC2A4AA26}.Debug|Any CPU.ActiveCfg = Debug|Any CPU
		{0CD87EFC-6AFF-4DF8-A0D2-08EDC2A4AA26}.Debug|Any CPU.Build.0 = Debug|Any CPU
	EndGlobalSection
	GlobalSection(SolutionProperties) = preSolution
		HideSolutionNode = FALSE
	EndGlobalSection
EndGlobal
